github.com/qv2ray/smaead v0.0.0-20211021072225-a01f7e01d185 h1:MoLEK/RvsbuOrbymLBfQ1J5/8lAYbTeVj2xMxMxl0Tc=
github.com/qv2ray/smaead v0.0.0-20211021072225-a01f7e01d185/go.mod h1:if5Sn4tlqxuTVNGBCm50lBBG7cqUQEOIM2hE2Ywd5V8=
golang.org/x/crypto v0.0.0-20210921155107-089bfa567519 h1:7I4JAnoQBe7ZtJcBaYHi5UtiO8tQHbUSXxL+pnGRANg=
golang.org/x/crypto v0.0.0-20210921155107-089bfa567519/go.mod h1:GvvjBRRGRdwPK5ydBHafDWAxML/pGHZbMvKqRZ5+Abc=
golang.org/x/net v0.0.0-20211020060615-d418f374d309 h1:A0lJIi+hcTR6aajJH4YqKWwohY4aW9RO7oRMcdv+HKI=
golang.org/x/net v0.0.0-20211020060615-d418f374d309/go.mod h1:9nx3DQGgdP8bBQD5qxJ1jj9UTztislL4KSBs9R2vV5Y=
golang.org/x/sys v0.0.0-20211020174200-9d6173849985 h1:LOlKVhfDyahgmqa97awczplwkjzNaELFg3zRIJ13RYo=
golang.org/x/sys v0.0.0-20211020174200-9d6173849985/go.mod h1:oPkhp1MJrh7nUepCBck5+mAzfO9JrbApNNgaTdGDITg=
golang.org/x/term v0.0.0-20201126162022-7de9c90e9dd1 h1:v+OssWQX+hTHEmOBgwxdZxK4zHq3yOs8F9J7mk0PY8E=
